
Microsoft Visual Studio Solution File, Format Version 12.00
# Visual Studio Version 17
VisualStudioVersion = 17.9.34701.34
MinimumVisualStudioVersion = 10.0.40219.1
Project("{FAE04EC0-301F-11D3-BF4B-00C04F79EFBC}") = "LivrosComMapper", "LivrosComMapper\LivrosComMapper.csproj", "{4D1712A4-3D98-4431-A471-7B5EE61E7A7A}"
EndProject
Global
	GlobalSection(SolutionConfigurationPlatforms) = preSolution
		Debug|Any CPU = Debug|Any CPU
		Release|Any CPU = Release|Any CPU
	EndGlobalSection
	GlobalSection(ProjectConfigurationPlatforms) = postSolution
		{4D1712A4-3D98-4431-A471-7B5EE61E7A7A}.Debug|Any CPU.ActiveCfg = Debug|Any CPU
		{4D1712A4-3D98-4431-A471-7B5EE61E7A7A}.Debug|Any CPU.Build.0 = Debug|Any CPU
		{4D1712A4-3D98-4431-A471-7B5EE61E7A7A}.Release|Any CPU.ActiveCfg = Release|Any CPU
		{4D1712A4-3D98-4431-A471-7B5EE61E7A7A}.Release|Any CPU.Build.0 = Release|Any CPU
	EndGlobalSection
	GlobalSection(SolutionProperties) = preSolution
		HideSolutionNode = FALSE
	EndGlobalSection
	GlobalSection(ExtensibilityGlobals) = postSolution
		SolutionGuid = {7D8BD892-8274-47B9-982D-D3C377A31B6D}
	EndGlobalSection
EndGlobal
